// !$*UTF8*$!
{
	archiveVersion = 1;
	classes = {
	};
	objectVersion = 56;
	objects = {

/* Begin PBXBuildFile section */
		B6744EBE2C889D4300DAFD40 /* AppDelegate.swift in Sources */ = {isa = PBXBuildFile; fileRef = B6744EBD2C889D4300DAFD40 /* AppDelegate.swift */; };
		B6744EC02C889D4300DAFD40 /* SceneDelegate.swift in Sources */ = {isa = PBXBuildFile; fileRef = B6744EBF2C889D4300DAFD40 /* SceneDelegate.swift */; };
		B6744EC22C889D4300DAFD40 /* Sample1CollectionViewController.swift in Sources */ = {isa = PBXBuildFile; fileRef = B6744EC12C889D4300DAFD40 /* Sample1CollectionViewController.swift */; };
		B6744EC72C889D4600DAFD40 /* Assets.xcassets in Resources */ = {isa = PBXBuildFile; fileRef = B6744EC62C889D4600DAFD40 /* Assets.xcassets */; };
		B6744ECA2C889D4600DAFD40 /* Base in Resources */ = {isa = PBXBuildFile; fileRef = B6744EC92C889D4600DAFD40 /* Base */; };
		B6D1A4F72C889E3D00E61C85 /* NSLayoutConstraint+.swift in Sources */ = {isa = PBXBuildFile; fileRef = B6D1A4F22C889E3D00E61C85 /* NSLayoutConstraint+.swift */; };
		B6D1A4F82C889E3D00E61C85 /* UIScrollView+.swift in Sources */ = {isa = PBXBuildFile; fileRef = B6D1A4F32C889E3D00E61C85 /* UIScrollView+.swift */; };
		B6D1A4F92C889E3D00E61C85 /* UIView+.swift in Sources */ = {isa = PBXBuildFile; fileRef = B6D1A4F42C889E3D00E61C85 /* UIView+.swift */; };
		B6D1A4FA2C889E3D00E61C85 /* UIStackView+.swift in Sources */ = {isa = PBXBuildFile; fileRef = B6D1A4F52C889E3D00E61C85 /* UIStackView+.swift */; };
		B6D1A4FB2C889E3D00E61C85 /* String+.swift in Sources */ = {isa = PBXBuildFile; fileRef = B6D1A4F62C889E3D00E61C85 /* String+.swift */; };
		B6D1A4FE2C889F0000E61C85 /* NSObject+.swift in Sources */ = {isa = PBXBuildFile; fileRef = B6D1A4FD2C889F0000E61C85 /* NSObject+.swift */; };
		B6D1A5012C88A01600E61C85 /* DLog.swift in Sources */ = {isa = PBXBuildFile; fileRef = B6D1A5002C88A01600E61C85 /* DLog.swift */; };
		B6D1A5032C88A42500E61C85 /* Sample2CollectionViewController.swift in Sources */ = {isa = PBXBuildFile; fileRef = B6D1A5022C88A42500E61C85 /* Sample2CollectionViewController.swift */; };
		B6D1A5052C88A7F400E61C85 /* Sample3CollectionViewController.swift in Sources */ = {isa = PBXBuildFile; fileRef = B6D1A5042C88A7F400E61C85 /* Sample3CollectionViewController.swift */; };
		B6D1A5072C88A8BC00E61C85 /* Sample4CollectionViewController.swift in Sources */ = {isa = PBXBuildFile; fileRef = B6D1A5062C88A8BB00E61C85 /* Sample4CollectionViewController.swift */; };
		B6D1A50A2C88A98400E61C85 /* Sample4CollectionViewCell.swift in Sources */ = {isa = PBXBuildFile; fileRef = B6D1A5092C88A98400E61C85 /* Sample4CollectionViewCell.swift */; };
		B6D1A50C2C88AE4D00E61C85 /* SampleModel.swift in Sources */ = {isa = PBXBuildFile; fileRef = B6D1A50B2C88AE4D00E61C85 /* SampleModel.swift */; };
		B6D1A50E2C88B43600E61C85 /* Sample5ViewController.swift in Sources */ = {isa = PBXBuildFile; fileRef = B6D1A50D2C88B43600E61C85 /* Sample5ViewController.swift */; };
		B6D1A5102C88BCD800E61C85 /* Sample6ViewController.swift in Sources */ = {isa = PBXBuildFile; fileRef = B6D1A50F2C88BCD800E61C85 /* Sample6ViewController.swift */; };
		B6D1A5132C88BD5C00E61C85 /* MosaicLayout.swift in Sources */ = {isa = PBXBuildFile; fileRef = B6D1A5122C88BD5C00E61C85 /* MosaicLayout.swift */; };
		B6D1A5162C88BF5900E61C85 /* Sample7ViewController.swift in Sources */ = {isa = PBXBuildFile; fileRef = B6D1A5152C88BF5900E61C85 /* Sample7ViewController.swift */; };
		B6D1A51A2C88C15100E61C85 /* CompositionalLayout1ViewController.swift in Sources */ = {isa = PBXBuildFile; fileRef = B6D1A5192C88C15100E61C85 /* CompositionalLayout1ViewController.swift */; };
		B6D1A51C2C88C65900E61C85 /* CompositionalLayout2ViewController.swift in Sources */ = {isa = PBXBuildFile; fileRef = B6D1A51B2C88C65900E61C85 /* CompositionalLayout2ViewController.swift */; };
		B6D1A51E2C88C83A00E61C85 /* CompositionalLayout3ViewController.swift in Sources */ = {isa = PBXBuildFile; fileRef = B6D1A51D2C88C83A00E61C85 /* CompositionalLayout3ViewController.swift */; };
		B6D1A5202C88C9FF00E61C85 /* CompositionalLayout4ViewController.swift in Sources */ = {isa = PBXBuildFile; fileRef = B6D1A51F2C88C9FF00E61C85 /* CompositionalLayout4ViewController.swift */; };
/* End PBXBuildFile section */

/* Begin PBXFileReference section */
		B6744EBA2C889D4300DAFD40 /* SampleCollectionView.app */ = {isa = PBXFileReference; explicitFileType = wrapper.application; includeInIndex = 0; path = SampleCollectionView.app; sourceTree = BUILT_PRODUCTS_DIR; };
		B6744EBD2C889D4300DAFD40 /* AppDelegate.swift */ = {isa = PBXFileReference; lastKnownFileType = sourcecode.swift; path = AppDelegate.swift; sourceTree = "<group>"; };
		B6744EBF2C889D4300DAFD40 /* SceneDelegate.swift */ = {isa = PBXFileReference; lastKnownFileType = sourcecode.swift; path = SceneDelegate.swift; sourceTree = "<group>"; };
		B6744EC12C889D4300DAFD40 /* Sample1CollectionViewController.swift */ = {isa = PBXFileReference; lastKnownFileType = sourcecode.swift; path = Sample1CollectionViewController.swift; sourceTree = "<group>"; };
		B6744EC62C889D4600DAFD40 /* Assets.xcassets */ = {isa = PBXFileReference; lastKnownFileType = folder.assetcatalog; path = Assets.xcassets; sourceTree = "<group>"; };
		B6744EC92C889D4600DAFD40 /* Base */ = {isa = PBXFileReference; lastKnownFileType = file.storyboard; name = Base; path = Base.lproj/LaunchScreen.storyboard; sourceTree = "<group>"; };
		B6744ECB2C889D4600DAFD40 /* Info.plist */ = {isa = PBXFileReference; lastKnownFileType = text.plist.xml; path = Info.plist; sourceTree = "<group>"; };
		B6D1A4F22C889E3D00E61C85 /* NSLayoutConstraint+.swift */ = {isa = PBXFileReference; fileEncoding = 4; lastKnownFileType = sourcecode.swift; path = "NSLayoutConstraint+.swift"; sourceTree = "<group>"; };
		B6D1A4F32C889E3D00E61C85 /* UIScrollView+.swift */ = {isa = PBXFileReference; fileEncoding = 4; lastKnownFileType = sourcecode.swift; path = "UIScrollView+.swift"; sourceTree = "<group>"; };
		B6D1A4F42C889E3D00E61C85 /* UIView+.swift */ = {isa = PBXFileReference; fileEncoding = 4; lastKnownFileType = sourcecode.swift; path = "UIView+.swift"; sourceTree = "<group>"; };
		B6D1A4F52C889E3D00E61C85 /* UIStackView+.swift */ = {isa = PBXFileReference; fileEncoding = 4; lastKnownFileType = sourcecode.swift; path = "UIStackView+.swift"; sourceTree = "<group>"; };
		B6D1A4F62C889E3D00E61C85 /* String+.swift */ = {isa = PBXFileReference; fileEncoding = 4; lastKnownFileType = sourcecode.swift; path = "String+.swift"; sourceTree = "<group>"; };
		B6D1A4FD2C889F0000E61C85 /* NSObject+.swift */ = {isa = PBXFileReference; lastKnownFileType = sourcecode.swift; path = "NSObject+.swift"; sourceTree = "<group>"; };
		B6D1A5002C88A01600E61C85 /* DLog.swift */ = {isa = PBXFileReference; lastKnownFileType = sourcecode.swift; path = DLog.swift; sourceTree = "<group>"; };
		B6D1A5022C88A42500E61C85 /* Sample2CollectionViewController.swift */ = {isa = PBXFileReference; lastKnownFileType = sourcecode.swift; path = Sample2CollectionViewController.swift; sourceTree = "<group>"; };
		B6D1A5042C88A7F400E61C85 /* Sample3CollectionViewController.swift */ = {isa = PBXFileReference; lastKnownFileType = sourcecode.swift; path = Sample3CollectionViewController.swift; sourceTree = "<group>"; };
		B6D1A5062C88A8BB00E61C85 /* Sample4CollectionViewController.swift */ = {isa = PBXFileReference; lastKnownFileType = sourcecode.swift; path = Sample4CollectionViewController.swift; sourceTree = "<group>"; };
		B6D1A5092C88A98400E61C85 /* Sample4CollectionViewCell.swift */ = {isa = PBXFileReference; lastKnownFileType = sourcecode.swift; path = Sample4CollectionViewCell.swift; sourceTree = "<group>"; };
		B6D1A50B2C88AE4D00E61C85 /* SampleModel.swift */ = {isa = PBXFileReference; lastKnownFileType = sourcecode.swift; path = SampleModel.swift; sourceTree = "<group>"; };
		B6D1A50D2C88B43600E61C85 /* Sample5ViewController.swift */ = {isa = PBXFileReference; lastKnownFileType = sourcecode.swift; path = Sample5ViewController.swift; sourceTree = "<group>"; };
		B6D1A50F2C88BCD800E61C85 /* Sample6ViewController.swift */ = {isa = PBXFileReference; lastKnownFileType = sourcecode.swift; path = Sample6ViewController.swift; sourceTree = "<group>"; };
		B6D1A5122C88BD5C00E61C85 /* MosaicLayout.swift */ = {isa = PBXFileReference; lastKnownFileType = sourcecode.swift; path = MosaicLayout.swift; sourceTree = "<group>"; };
		B6D1A5152C88BF5900E61C85 /* Sample7ViewController.swift */ = {isa = PBXFileReference; lastKnownFileType = sourcecode.swift; path = Sample7ViewController.swift; sourceTree = "<group>"; };
		B6D1A5192C88C15100E61C85 /* CompositionalLayout1ViewController.swift */ = {isa = PBXFileReference; lastKnownFileType = sourcecode.swift; path = CompositionalLayout1ViewController.swift; sourceTree = "<group>"; };
		B6D1A51B2C88C65900E61C85 /* CompositionalLayout2ViewController.swift */ = {isa = PBXFileReference; lastKnownFileType = sourcecode.swift; path = CompositionalLayout2ViewController.swift; sourceTree = "<group>"; };
		B6D1A51D2C88C83A00E61C85 /* CompositionalLayout3ViewController.swift */ = {isa = PBXFileReference; lastKnownFileType = sourcecode.swift; path = CompositionalLayout3ViewController.swift; sourceTree = "<group>"; };
		B6D1A51F2C88C9FF00E61C85 /* CompositionalLayout4ViewController.swift */ = {isa = PBXFileReference; lastKnownFileType = sourcecode.swift; path = CompositionalLayout4ViewController.swift; sourceTree = "<group>"; };
/* End PBXFileReference section */

/* Begin PBXFrameworksBuildPhase section */
		B6744EB72C889D4300DAFD40 /* Frameworks */ = {
			isa = PBXFrameworksBuildPhase;
			buildActionMask = 2147483647;
			files = (
			);
			runOnlyForDeploymentPostprocessing = 0;
		};
/* End PBXFrameworksBuildPhase section */

/* Begin PBXGroup section */
		B6744EB12C889D4300DAFD40 = {
			isa = PBXGroup;
			children = (
				B6744EBC2C889D4300DAFD40 /* SampleCollectionView */,
				B6744EBB2C889D4300DAFD40 /* Products */,
			);
			sourceTree = "<group>";
		};
		B6744EBB2C889D4300DAFD40 /* Products */ = {
			isa = PBXGroup;
			children = (
				B6744EBA2C889D4300DAFD40 /* SampleCollectionView.app */,
			);
			name = Products;
			sourceTree = "<group>";
		};
		B6744EBC2C889D4300DAFD40 /* SampleCollectionView */ = {
			isa = PBXGroup;
			children = (
				B6D1A5182C88C12900E61C85 /* Samples */,
				B6D1A4FF2C88A00B00E61C85 /* Util */,
				B6D1A4F12C889E1600E61C85 /* Extension */,
				B6744EBD2C889D4300DAFD40 /* AppDelegate.swift */,
				B6744EBF2C889D4300DAFD40 /* SceneDelegate.swift */,
				B6744EC62C889D4600DAFD40 /* Assets.xcassets */,
				B6744EC82C889D4600DAFD40 /* LaunchScreen.storyboard */,
				B6744ECB2C889D4600DAFD40 /* Info.plist */,
			);
			path = SampleCollectionView;
			sourceTree = "<group>";
		};
		B6D1A4F12C889E1600E61C85 /* Extension */ = {
			isa = PBXGroup;
			children = (
				B6D1A4F22C889E3D00E61C85 /* NSLayoutConstraint+.swift */,
				B6D1A4F62C889E3D00E61C85 /* String+.swift */,
				B6D1A4F32C889E3D00E61C85 /* UIScrollView+.swift */,
				B6D1A4F52C889E3D00E61C85 /* UIStackView+.swift */,
				B6D1A4F42C889E3D00E61C85 /* UIView+.swift */,
				B6D1A4FD2C889F0000E61C85 /* NSObject+.swift */,
			);
			path = Extension;
			sourceTree = "<group>";
		};
		B6D1A4FC2C889E5900E61C85 /* Regacy */ = {
			isa = PBXGroup;
			children = (
				B6744EC12C889D4300DAFD40 /* Sample1CollectionViewController.swift */,
				B6D1A5022C88A42500E61C85 /* Sample2CollectionViewController.swift */,
				B6D1A5042C88A7F400E61C85 /* Sample3CollectionViewController.swift */,
				B6D1A5082C88A96500E61C85 /* Sample4 */,
				B6D1A50D2C88B43600E61C85 /* Sample5ViewController.swift */,
				B6D1A5112C88BD4700E61C85 /* Sample6 */,
				B6D1A5142C88BF2B00E61C85 /* Sample7 */,
			);
			path = Regacy;
			sourceTree = "<group>";
		};
		B6D1A4FF2C88A00B00E61C85 /* Util */ = {
			isa = PBXGroup;
			children = (
				B6D1A5002C88A01600E61C85 /* DLog.swift */,
			);
			path = Util;
			sourceTree = "<group>";
		};
		B6D1A5082C88A96500E61C85 /* Sample4 */ = {
			isa = PBXGroup;
			children = (
				B6D1A5062C88A8BB00E61C85 /* Sample4CollectionViewController.swift */,
				B6D1A5092C88A98400E61C85 /* Sample4CollectionViewCell.swift */,
				B6D1A50B2C88AE4D00E61C85 /* SampleModel.swift */,
			);
			path = Sample4;
			sourceTree = "<group>";
		};
		B6D1A5112C88BD4700E61C85 /* Sample6 */ = {
			isa = PBXGroup;
			children = (
				B6D1A50F2C88BCD800E61C85 /* Sample6ViewController.swift */,
				B6D1A5122C88BD5C00E61C85 /* MosaicLayout.swift */,
			);
			path = Sample6;
			sourceTree = "<group>";
		};
		B6D1A5142C88BF2B00E61C85 /* Sample7 */ = {
			isa = PBXGroup;
			children = (
				B6D1A5152C88BF5900E61C85 /* Sample7ViewController.swift */,
			);
			path = Sample7;
			sourceTree = "<group>";
		};
		B6D1A5172C88C11900E61C85 /* Modern */ = {
			isa = PBXGroup;
			children = (
				B6D1A5192C88C15100E61C85 /* CompositionalLayout1ViewController.swift */,
				B6D1A51B2C88C65900E61C85 /* CompositionalLayout2ViewController.swift */,
				B6D1A51D2C88C83A00E61C85 /* CompositionalLayout3ViewController.swift */,
				B6D1A51F2C88C9FF00E61C85 /* CompositionalLayout4ViewController.swift */,
			);
			path = Modern;
			sourceTree = "<group>";
		};
		B6D1A5182C88C12900E61C85 /* Samples */ = {
			isa = PBXGroup;
			children = (
				B6D1A5172C88C11900E61C85 /* Modern */,
				B6D1A4FC2C889E5900E61C85 /* Regacy */,
			);
			path = Samples;
			sourceTree = "<group>";
		};
/* End PBXGroup section */

/* Begin PBXNativeTarget section */
		B6744EB92C889D4300DAFD40 /* SampleCollectionView */ = {
			isa = PBXNativeTarget;
			buildConfigurationList = B6744ECE2C889D4600DAFD40 /* Build configuration list for PBXNativeTarget "SampleCollectionView" */;
			buildPhases = (
				B6744EB62C889D4300DAFD40 /* Sources */,
				B6744EB72C889D4300DAFD40 /* Frameworks */,
				B6744EB82C889D4300DAFD40 /* Resources */,
			);
			buildRules = (
			);
			dependencies = (
			);
			name = SampleCollectionView;
			productName = SampleCollectionView;
			productReference = B6744EBA2C889D4300DAFD40 /* SampleCollectionView.app */;
			productType = "com.apple.product-type.application";
		};
/* End PBXNativeTarget section */

/* Begin PBXProject section */
		B6744EB22C889D4300DAFD40 /* Project object */ = {
			isa = PBXProject;
			attributes = {
				BuildIndependentTargetsInParallel = 1;
				LastSwiftUpdateCheck = 1540;
				LastUpgradeCheck = 1540;
				TargetAttributes = {
					B6744EB92C889D4300DAFD40 = {
						CreatedOnToolsVersion = 15.4;
					};
				};
			};
			buildConfigurationList = B6744EB52C889D4300DAFD40 /* Build configuration list for PBXProject "SampleCollectionView" */;
			compatibilityVersion = "Xcode 14.0";
			developmentRegion = en;
			hasScannedForEncodings = 0;
			knownRegions = (
				en,
				Base,
			);
			mainGroup = B6744EB12C889D4300DAFD40;
			productRefGroup = B6744EBB2C889D4300DAFD40 /* Products */;
			projectDirPath = "";
			projectRoot = "";
			targets = (
				B6744EB92C889D4300DAFD40 /* SampleCollectionView */,
			);
		};
/* End PBXProject section */

/* Begin PBXResourcesBuildPhase section */
		B6744EB82C889D4300DAFD40 /* Resources */ = {
			isa = PBXResourcesBuildPhase;
			buildActionMask = 2147483647;
			files = (
				B6744EC72C889D4600DAFD40 /* Assets.xcassets in Resources */,
				B6744ECA2C889D4600DAFD40 /* Base in Resources */,
			);
			runOnlyForDeploymentPostprocessing = 0;
		};
/* End PBXResourcesBuildPhase section */

/* Begin PBXSourcesBuildPhase section */
		B6744EB62C889D4300DAFD40 /* Sources */ = {
			isa = PBXSourcesBuildPhase;
			buildActionMask = 2147483647;
			files = (
				B6D1A5032C88A42500E61C85 /* Sample2CollectionViewController.swift in Sources */,
				B6D1A50C2C88AE4D00E61C85 /* SampleModel.swift in Sources */,
				B6D1A51C2C88C65900E61C85 /* CompositionalLayout2ViewController.swift in Sources */,
				B6D1A51A2C88C15100E61C85 /* CompositionalLayout1ViewController.swift in Sources */,
				B6D1A4FA2C889E3D00E61C85 /* UIStackView+.swift in Sources */,
				B6D1A5162C88BF5900E61C85 /* Sample7ViewController.swift in Sources */,
				B6D1A4F92C889E3D00E61C85 /* UIView+.swift in Sources */,
				B6D1A4FB2C889E3D00E61C85 /* String+.swift in Sources */,
				B6D1A5072C88A8BC00E61C85 /* Sample4CollectionViewController.swift in Sources */,
				B6D1A5102C88BCD800E61C85 /* Sample6ViewController.swift in Sources */,
				B6D1A51E2C88C83A00E61C85 /* CompositionalLayout3ViewController.swift in Sources */,
				B6744EC22C889D4300DAFD40 /* Sample1CollectionViewController.swift in Sources */,
				B6744EBE2C889D4300DAFD40 /* AppDelegate.swift in Sources */,
				B6D1A50A2C88A98400E61C85 /* Sample4CollectionViewCell.swift in Sources */,
				B6D1A5132C88BD5C00E61C85 /* MosaicLayout.swift in Sources */,
				B6D1A5202C88C9FF00E61C85 /* CompositionalLayout4ViewController.swift in Sources */,
				B6D1A5012C88A01600E61C85 /* DLog.swift in Sources */,
				B6D1A4F82C889E3D00E61C85 /* UIScrollView+.swift in Sources */,
				B6D1A5052C88A7F400E61C85 /* Sample3CollectionViewController.swift in Sources */,
				B6D1A50E2C88B43600E61C85 /* Sample5ViewController.swift in Sources */,
				B6744EC02C889D4300DAFD40 /* SceneDelegate.swift in Sources */,
				B6D1A4FE2C889F0000E61C85 /* NSObject+.swift in Sources */,
				B6D1A4F72C889E3D00E61C85 /* NSLayoutConstraint+.swift in Sources */,
			);
			runOnlyForDeploymentPostprocessing = 0;
		};
/* End PBXSourcesBuildPhase section */

/* Begin PBXVariantGroup section */
		B6744EC82C889D4600DAFD40 /* LaunchScreen.storyboard */ = {
			isa = PBXVariantGroup;
			children = (
				B6744EC92C889D4600DAFD40 /* Base */,
			);
			name = LaunchScreen.storyboard;
			sourceTree = "<group>";
		};
/* End PBXVariantGroup section */

/* Begin XCBuildConfiguration section */
		B6744ECC2C889D4600DAFD40 /* Debug */ = {
			isa = XCBuildConfiguration;
			buildSettings = {
				ALWAYS_SEARCH_USER_PATHS = NO;
				ASSETCATALOG_COMPILER_GENERATE_SWIFT_ASSET_SYMBOL_EXTENSIONS = YES;
				CLANG_ANALYZER_NONNULL = YES;
				CLANG_ANALYZER_NUMBER_OBJECT_CONVERSION = YES_AGGRESSIVE;
				CLANG_CXX_LANGUAGE_STANDARD = "gnu++20";
				CLANG_ENABLE_MODULES = YES;
				CLANG_ENABLE_OBJC_ARC = YES;
				CLANG_ENABLE_OBJC_WEAK = YES;
				CLANG_WARN_BLOCK_CAPTURE_AUTORELEASING = YES;
				CLANG_WARN_BOOL_CONVERSION = YES;
				CLANG_WARN_COMMA = YES;
				CLANG_WARN_CONSTANT_CONVERSION = YES;
				CLANG_WARN_DEPRECATED_OBJC_IMPLEMENTATIONS = YES;
				CLANG_WARN_DIRECT_OBJC_ISA_USAGE = YES_ERROR;
				CLANG_WARN_DOCUMENTATION_COMMENTS = YES;
				CLANG_WARN_EMPTY_BODY = YES;
				CLANG_WARN_ENUM_CONVERSION = YES;
				CLANG_WARN_INFINITE_RECURSION = YES;
				CLANG_WARN_INT_CONVERSION = YES;
				CLANG_WARN_NON_LITERAL_NULL_CONVERSION = YES;
				CLANG_WARN_OBJC_IMPLICIT_RETAIN_SELF = YES;
				CLANG_WARN_OBJC_LITERAL_CONVERSION = YES;
				CLANG_WARN_OBJC_ROOT_CLASS = YES_ERROR;
				CLANG_WARN_QUOTED_INCLUDE_IN_FRAMEWORK_HEADER = YES;
				CLANG_WARN_RANGE_LOOP_ANALYSIS = YES;
				CLANG_WARN_STRICT_PROTOTYPES = YES;
				CLANG_WARN_SUSPICIOUS_MOVE = YES;
				CLANG_WARN_UNGUARDED_AVAILABILITY = YES_AGGRESSIVE;
				CLANG_WARN_UNREACHABLE_CODE = YES;
				CLANG_WARN__DUPLICATE_METHOD_MATCH = YES;
				COPY_PHASE_STRIP = NO;
				DEBUG_INFORMATION_FORMAT = dwarf;
				ENABLE_STRICT_OBJC_MSGSEND = YES;
				ENABLE_TESTABILITY = YES;
				ENABLE_USER_SCRIPT_SANDBOXING = YES;
				GCC_C_LANGUAGE_STANDARD = gnu17;
				GCC_DYNAMIC_NO_PIC = NO;
				GCC_NO_COMMON_BLOCKS = YES;
				GCC_OPTIMIZATION_LEVEL = 0;
				GCC_PREPROCESSOR_DEFINITIONS = (
					"DEBUG=1",
					"$(inherited)",
				);
				GCC_WARN_64_TO_32_BIT_CONVERSION = YES;
				GCC_WARN_ABOUT_RETURN_TYPE = YES_ERROR;
				GCC_WARN_UNDECLARED_SELECTOR = YES;
				GCC_WARN_UNINITIALIZED_AUTOS = YES_AGGRESSIVE;
				GCC_WARN_UNUSED_FUNCTION = YES;
				GCC_WARN_UNUSED_VARIABLE = YES;
				IPHONEOS_DEPLOYMENT_TARGET = 17.5;
				LOCALIZATION_PREFERS_STRING_CATALOGS = YES;
				MTL_ENABLE_DEBUG_INFO = INCLUDE_SOURCE;
				MTL_FAST_MATH = YES;
				ONLY_ACTIVE_ARCH = YES;
				SDKROOT = iphoneos;
				SWIFT_ACTIVE_COMPILATION_CONDITIONS = "DEBUG $(inherited)";
				SWIFT_OPTIMIZATION_LEVEL = "-Onone";
			};
			name = Debug;
		};
		B6744ECD2C889D4600DAFD40 /* Release */ = {
			isa = XCBuildConfiguration;
			buildSettings = {
				ALWAYS_SEARCH_USER_PATHS = NO;
				ASSETCATALOG_COMPILER_GENERATE_SWIFT_ASSET_SYMBOL_EXTENSIONS = YES;
				CLANG_ANALYZER_NONNULL = YES;
				CLANG_ANALYZER_NUMBER_OBJECT_CONVERSION = YES_AGGRESSIVE;
				CLANG_CXX_LANGUAGE_STANDARD = "gnu++20";
				CLANG_ENABLE_MODULES = YES;
				CLANG_ENABLE_OBJC_ARC = YES;
				CLANG_ENABLE_OBJC_WEAK = YES;
				CLANG_WARN_BLOCK_CAPTURE_AUTORELEASING = YES;
				CLANG_WARN_BOOL_CONVERSION = YES;
				CLANG_WARN_COMMA = YES;
				CLANG_WARN_CONSTANT_CONVERSION = YES;
				CLANG_WARN_DEPRECATED_OBJC_IMPLEMENTATIONS = YES;
				CLANG_WARN_DIRECT_OBJC_ISA_USAGE = YES_ERROR;
				CLANG_WARN_DOCUMENTATION_COMMENTS = YES;
				CLANG_WARN_EMPTY_BODY = YES;
				CLANG_WARN_ENUM_CONVERSION = YES;
				CLANG_WARN_INFINITE_RECURSION = YES;
				CLANG_WARN_INT_CONVERSION = YES;
				CLANG_WARN_NON_LITERAL_NULL_CONVERSION = YES;
				CLANG_WARN_OBJC_IMPLICIT_RETAIN_SELF = YES;
				CLANG_WARN_OBJC_LITERAL_CONVERSION = YES;
				CLANG_WARN_OBJC_ROOT_CLASS = YES_ERROR;
				CLANG_WARN_QUOTED_INCLUDE_IN_FRAMEWORK_HEADER = YES;
				CLANG_WARN_RANGE_LOOP_ANALYSIS = YES;
				CLANG_WARN_STRICT_PROTOTYPES = YES;
				CLANG_WARN_SUSPICIOUS_MOVE = YES;
				CLANG_WARN_UNGUARDED_AVAILABILITY = YES_AGGRESSIVE;
				CLANG_WARN_UNREACHABLE_CODE = YES;
				CLANG_WARN__DUPLICATE_METHOD_MATCH = YES;
				COPY_PHASE_STRIP = NO;
				DEBUG_INFORMATION_FORMAT = "dwarf-with-dsym";
				ENABLE_NS_ASSERTIONS = NO;
				ENABLE_STRICT_OBJC_MSGSEND = YES;
				ENABLE_USER_SCRIPT_SANDBOXING = YES;
				GCC_C_LANGUAGE_STANDARD = gnu17;
				GCC_NO_COMMON_BLOCKS = YES;
				GCC_WARN_64_TO_32_BIT_CONVERSION = YES;
				GCC_WARN_ABOUT_RETURN_TYPE = YES_ERROR;
				GCC_WARN_UNDECLARED_SELECTOR = YES;
				GCC_WARN_UNINITIALIZED_AUTOS = YES_AGGRESSIVE;
				GCC_WARN_UNUSED_FUNCTION = YES;
				GCC_WARN_UNUSED_VARIABLE = YES;
				IPHONEOS_DEPLOYMENT_TARGET = 17.5;
				LOCALIZATION_PREFERS_STRING_CATALOGS = YES;
				MTL_ENABLE_DEBUG_INFO = NO;
				MTL_FAST_MATH = YES;
				SDKROOT = iphoneos;
				SWIFT_COMPILATION_MODE = wholemodule;
				VALIDATE_PRODUCT = YES;
			};
			name = Release;
		};
		B6744ECF2C889D4600DAFD40 /* Debug */ = {
			isa = XCBuildConfiguration;
			buildSettings = {
				ASSETCATALOG_COMPILER_APPICON_NAME = AppIcon;
				ASSETCATALOG_COMPILER_GLOBAL_ACCENT_COLOR_NAME = AccentColor;
				CODE_SIGN_STYLE = Automatic;
				CURRENT_PROJECT_VERSION = 1;
				DEVELOPMENT_TEAM = 4295L2DWK5;
				GENERATE_INFOPLIST_FILE = YES;
				INFOPLIST_FILE = SampleCollectionView/Info.plist;
				INFOPLIST_KEY_UIApplicationSupportsIndirectInputEvents = YES;
				INFOPLIST_KEY_UILaunchStoryboardName = LaunchScreen;
				INFOPLIST_KEY_UISupportedInterfaceOrientations_iPad = "UIInterfaceOrientationPortrait UIInterfaceOrientationPortraitUpsideDown UIInterfaceOrientationLandscapeLeft UIInterfaceOrientationLandscapeRight";
				INFOPLIST_KEY_UISupportedInterfaceOrientations_iPhone = "UIInterfaceOrientationPortrait UIInterfaceOrientationLandscapeLeft UIInterfaceOrientationLandscapeRight";
				LD_RUNPATH_SEARCH_PATHS = (
					"$(inherited)",
					"@executable_path/Frameworks",
				);
				MARKETING_VERSION = 1.0;
				PRODUCT_BUNDLE_IDENTIFIER = com.sakiyama.SampleCollectionView;
				PRODUCT_NAME = "$(TARGET_NAME)";
				SWIFT_EMIT_LOC_STRINGS = YES;
				SWIFT_VERSION = 5.0;
				TARGETED_DEVICE_FAMILY = "1,2";
			};
			name = Debug;
		};
		B6744ED02C889D4600DAFD40 /* Release */ = {
			isa = XCBuildConfiguration;
			buildSettings = {
				ASSETCATALOG_COMPILER_APPICON_NAME = AppIcon;
				ASSETCATALOG_COMPILER_GLOBAL_ACCENT_COLOR_NAME = AccentColor;
				CODE_SIGN_STYLE = Automatic;
				CURRENT_PROJECT_VERSION = 1;
				DEVELOPMENT_TEAM = 4295L2DWK5;
				GENERATE_INFOPLIST_FILE = YES;
				INFOPLIST_FILE = SampleCollectionView/Info.plist;
				INFOPLIST_KEY_UIApplicationSupportsIndirectInputEvents = YES;
				INFOPLIST_KEY_UILaunchStoryboardName = LaunchScreen;
				INFOPLIST_KEY_UISupportedInterfaceOrientations_iPad = "UIInterfaceOrientationPortrait UIInterfaceOrientationPortraitUpsideDown UIInterfaceOrientationLandscapeLeft UIInterfaceOrientationLandscapeRight";
				INFOPLIST_KEY_UISupportedInterfaceOrientations_iPhone = "UIInterfaceOrientationPortrait UIInterfaceOrientationLandscapeLeft UIInterfaceOrientationLandscapeRight";
				LD_RUNPATH_SEARCH_PATHS = (
					"$(inherited)",
					"@executable_path/Frameworks",
				);
				MARKETING_VERSION = 1.0;
				PRODUCT_BUNDLE_IDENTIFIER = com.sakiyama.SampleCollectionView;
				PRODUCT_NAME = "$(TARGET_NAME)";
				SWIFT_EMIT_LOC_STRINGS = YES;
				SWIFT_VERSION = 5.0;
				TARGETED_DEVICE_FAMILY = "1,2";
			};
			name = Release;
		};
/* End XCBuildConfiguration section */

/* Begin XCConfigurationList section */
		B6744EB52C889D4300DAFD40 /* Build configuration list for PBXProject "SampleCollectionView" */ = {
			isa = XCConfigurationList;
			buildConfigurations = (
				B6744ECC2C889D4600DAFD40 /* Debug */,
				B6744ECD2C889D4600DAFD40 /* Release */,
			);
			defaultConfigurationIsVisible = 0;
			defaultConfigurationName = Release;
		};
		B6744ECE2C889D4600DAFD40 /* Build configuration list for PBXNativeTarget "SampleCollectionView" */ = {
			isa = XCConfigurationList;
			buildConfigurations = (
				B6744ECF2C889D4600DAFD40 /* Debug */,
				B6744ED02C889D4600DAFD40 /* Release */,
			);
			defaultConfigurationIsVisible = 0;
			defaultConfigurationName = Release;
		};
/* End XCConfigurationList section */
	};
	rootObject = B6744EB22C889D4300DAFD40 /* Project object */;
}
