// !$*UTF8*$!
{
	archiveVersion = 1;
	classes = {
	};
	objectVersion = 51;
	objects = {

/* Begin PBXBuildFile section */
		0643F477BB9B43E07551D160 /* Pods_SampleCollectionView_SampleCollectionViewUITests.framework in Frameworks */ = {isa = PBXBuildFile; fileRef = 71829541CB6A9696A5B92A38 /* Pods_SampleCollectionView_SampleCollectionViewUITests.framework */; };
		0F2A2B05848D768B5D08FB7F /* Pods_SampleCollectionView.framework in Frameworks */ = {isa = PBXBuildFile; fileRef = EE55B4705F0D5DC361443F20 /* Pods_SampleCollectionView.framework */; };
		B620A17024CC99C00030501B /* UICollectionViewCell+.swift in Sources */ = {isa = PBXBuildFile; fileRef = B620A16F24CC99C00030501B /* UICollectionViewCell+.swift */; };
		B63805DC248CC56500CB0794 /* MyCollectionViewCell2.xib in Resources */ = {isa = PBXBuildFile; fileRef = B63805DB248CC56500CB0794 /* MyCollectionViewCell2.xib */; };
		B63805DE248CC57100CB0794 /* MyCollectionViewCell2.swift in Sources */ = {isa = PBXBuildFile; fileRef = B63805DD248CC57100CB0794 /* MyCollectionViewCell2.swift */; };
		B63805E1248CC9B600CB0794 /* Sample5Collection.storyboard in Resources */ = {isa = PBXBuildFile; fileRef = B63805E0248CC9B600CB0794 /* Sample5Collection.storyboard */; };
		B63805E3248CC9C800CB0794 /* Sample5CollectionViewController.swift in Sources */ = {isa = PBXBuildFile; fileRef = B63805E2248CC9C800CB0794 /* Sample5CollectionViewController.swift */; };
		B63805F1248FDAE600CB0794 /* Sample6Collection.storyboard in Resources */ = {isa = PBXBuildFile; fileRef = B63805F0248FDAE600CB0794 /* Sample6Collection.storyboard */; };
		B63805F3248FDAF000CB0794 /* Sample6CollectionViewController.swift in Sources */ = {isa = PBXBuildFile; fileRef = B63805F2248FDAF000CB0794 /* Sample6CollectionViewController.swift */; };
		B669038C248BBAB2005305BD /* AppDelegate.swift in Sources */ = {isa = PBXBuildFile; fileRef = B669038B248BBAB2005305BD /* AppDelegate.swift */; };
		B6690390248BBAB2005305BD /* ViewController.swift in Sources */ = {isa = PBXBuildFile; fileRef = B669038F248BBAB2005305BD /* ViewController.swift */; };
		B6690393248BBAB2005305BD /* Main.storyboard in Resources */ = {isa = PBXBuildFile; fileRef = B6690391248BBAB2005305BD /* Main.storyboard */; };
		B6690395248BBAB5005305BD /* Assets.xcassets in Resources */ = {isa = PBXBuildFile; fileRef = B6690394248BBAB5005305BD /* Assets.xcassets */; };
		B6690398248BBAB5005305BD /* LaunchScreen.storyboard in Resources */ = {isa = PBXBuildFile; fileRef = B6690396248BBAB5005305BD /* LaunchScreen.storyboard */; };
		B66903A3248BBAB5005305BD /* SampleCollectionViewTests.swift in Sources */ = {isa = PBXBuildFile; fileRef = B66903A2248BBAB5005305BD /* SampleCollectionViewTests.swift */; };
		B66903AE248BBAB5005305BD /* SampleCollectionViewUITests.swift in Sources */ = {isa = PBXBuildFile; fileRef = B66903AD248BBAB5005305BD /* SampleCollectionViewUITests.swift */; };
		B66903BD248BBAFA005305BD /* Sample1Collection.storyboard in Resources */ = {isa = PBXBuildFile; fileRef = B66903BC248BBAFA005305BD /* Sample1Collection.storyboard */; };
		B66903BF248BBB15005305BD /* Sample1CollectionViewController.swift in Sources */ = {isa = PBXBuildFile; fileRef = B66903BE248BBB15005305BD /* Sample1CollectionViewController.swift */; };
		B66903C5248BBC86005305BD /* SampleModel.swift in Sources */ = {isa = PBXBuildFile; fileRef = B66903C4248BBC86005305BD /* SampleModel.swift */; };
		B66903D6248BFDD5005305BD /* Sample2Collection.storyboard in Resources */ = {isa = PBXBuildFile; fileRef = B66903D5248BFDD5005305BD /* Sample2Collection.storyboard */; };
		B66903D8248BFDE2005305BD /* Sample2CollectionViewController.swift in Sources */ = {isa = PBXBuildFile; fileRef = B66903D7248BFDE2005305BD /* Sample2CollectionViewController.swift */; };
		B66903DD248CA5D4005305BD /* Sample3Collection.storyboard in Resources */ = {isa = PBXBuildFile; fileRef = B66903DC248CA5D4005305BD /* Sample3Collection.storyboard */; };
		B66903DF248CA5DD005305BD /* Sample3CollectionViewController.swift in Sources */ = {isa = PBXBuildFile; fileRef = B66903DE248CA5DD005305BD /* Sample3CollectionViewController.swift */; };
		B66903E2248CA767005305BD /* MyCollectionViewCell.xib in Resources */ = {isa = PBXBuildFile; fileRef = B66903E1248CA767005305BD /* MyCollectionViewCell.xib */; };
		B66903E4248CA813005305BD /* MyCollectionViewCell.swift in Sources */ = {isa = PBXBuildFile; fileRef = B66903E3248CA813005305BD /* MyCollectionViewCell.swift */; };
		B66903E7248CB9F7005305BD /* Sample4Collection.storyboard in Resources */ = {isa = PBXBuildFile; fileRef = B66903E6248CB9F7005305BD /* Sample4Collection.storyboard */; };
		B66903E9248CBA10005305BD /* Sample4CollectionViewController.swift in Sources */ = {isa = PBXBuildFile; fileRef = B66903E8248CBA10005305BD /* Sample4CollectionViewController.swift */; };
		B6ECA04D24CC15F500368E41 /* UICollectionView+.swift in Sources */ = {isa = PBXBuildFile; fileRef = B6ECA04C24CC15F500368E41 /* UICollectionView+.swift */; };
		F8EA406658F7D6D6F38D34FF /* Pods_SampleCollectionViewTests.framework in Frameworks */ = {isa = PBXBuildFile; fileRef = 20030CF01BDC5034974DDB9C /* Pods_SampleCollectionViewTests.framework */; };
/* End PBXBuildFile section */

/* Begin PBXContainerItemProxy section */
		B669039F248BBAB5005305BD /* PBXContainerItemProxy */ = {
			isa = PBXContainerItemProxy;
			containerPortal = B6690380248BBAB2005305BD /* Project object */;
			proxyType = 1;
			remoteGlobalIDString = B6690387248BBAB2005305BD;
			remoteInfo = SampleCollectionView;
		};
		B66903AA248BBAB5005305BD /* PBXContainerItemProxy */ = {
			isa = PBXContainerItemProxy;
			containerPortal = B6690380248BBAB2005305BD /* Project object */;
			proxyType = 1;
			remoteGlobalIDString = B6690387248BBAB2005305BD;
			remoteInfo = SampleCollectionView;
		};
/* End PBXContainerItemProxy section */

/* Begin PBXFileReference section */
		20030CF01BDC5034974DDB9C /* Pods_SampleCollectionViewTests.framework */ = {isa = PBXFileReference; explicitFileType = wrapper.framework; includeInIndex = 0; path = Pods_SampleCollectionViewTests.framework; sourceTree = BUILT_PRODUCTS_DIR; };
		47C9451FCB5255ACF5C706F8 /* Pods-SampleCollectionView.debug.xcconfig */ = {isa = PBXFileReference; includeInIndex = 1; lastKnownFileType = text.xcconfig; name = "Pods-SampleCollectionView.debug.xcconfig"; path = "Target Support Files/Pods-SampleCollectionView/Pods-SampleCollectionView.debug.xcconfig"; sourceTree = "<group>"; };
		71829541CB6A9696A5B92A38 /* Pods_SampleCollectionView_SampleCollectionViewUITests.framework */ = {isa = PBXFileReference; explicitFileType = wrapper.framework; includeInIndex = 0; path = Pods_SampleCollectionView_SampleCollectionViewUITests.framework; sourceTree = BUILT_PRODUCTS_DIR; };
		7C1F7BF32879F1BD45D38A12 /* Pods-SampleCollectionViewTests.release.xcconfig */ = {isa = PBXFileReference; includeInIndex = 1; lastKnownFileType = text.xcconfig; name = "Pods-SampleCollectionViewTests.release.xcconfig"; path = "Target Support Files/Pods-SampleCollectionViewTests/Pods-SampleCollectionViewTests.release.xcconfig"; sourceTree = "<group>"; };
		89F72E91E6DC6F27A2CA2F04 /* Pods-SampleCollectionView-SampleCollectionViewUITests.debug.xcconfig */ = {isa = PBXFileReference; includeInIndex = 1; lastKnownFileType = text.xcconfig; name = "Pods-SampleCollectionView-SampleCollectionViewUITests.debug.xcconfig"; path = "Target Support Files/Pods-SampleCollectionView-SampleCollectionViewUITests/Pods-SampleCollectionView-SampleCollectionViewUITests.debug.xcconfig"; sourceTree = "<group>"; };
		A4F1D85A84A1ACA354C867D1 /* Pods-SampleCollectionView-SampleCollectionViewUITests.release.xcconfig */ = {isa = PBXFileReference; includeInIndex = 1; lastKnownFileType = text.xcconfig; name = "Pods-SampleCollectionView-SampleCollectionViewUITests.release.xcconfig"; path = "Target Support Files/Pods-SampleCollectionView-SampleCollectionViewUITests/Pods-SampleCollectionView-SampleCollectionViewUITests.release.xcconfig"; sourceTree = "<group>"; };
		B26FD9921906EBEC7A20B250 /* Pods-SampleCollectionView.release.xcconfig */ = {isa = PBXFileReference; includeInIndex = 1; lastKnownFileType = text.xcconfig; name = "Pods-SampleCollectionView.release.xcconfig"; path = "Target Support Files/Pods-SampleCollectionView/Pods-SampleCollectionView.release.xcconfig"; sourceTree = "<group>"; };
		B620A16F24CC99C00030501B /* UICollectionViewCell+.swift */ = {isa = PBXFileReference; lastKnownFileType = sourcecode.swift; path = "UICollectionViewCell+.swift"; sourceTree = "<group>"; };
		B63805DB248CC56500CB0794 /* MyCollectionViewCell2.xib */ = {isa = PBXFileReference; lastKnownFileType = file.xib; path = MyCollectionViewCell2.xib; sourceTree = "<group>"; };
		B63805DD248CC57100CB0794 /* MyCollectionViewCell2.swift */ = {isa = PBXFileReference; lastKnownFileType = sourcecode.swift; path = MyCollectionViewCell2.swift; sourceTree = "<group>"; };
		B63805E0248CC9B600CB0794 /* Sample5Collection.storyboard */ = {isa = PBXFileReference; lastKnownFileType = file.storyboard; path = Sample5Collection.storyboard; sourceTree = "<group>"; };
		B63805E2248CC9C800CB0794 /* Sample5CollectionViewController.swift */ = {isa = PBXFileReference; lastKnownFileType = sourcecode.swift; path = Sample5CollectionViewController.swift; sourceTree = "<group>"; };
		B63805F0248FDAE600CB0794 /* Sample6Collection.storyboard */ = {isa = PBXFileReference; lastKnownFileType = file.storyboard; path = Sample6Collection.storyboard; sourceTree = "<group>"; };
		B63805F2248FDAF000CB0794 /* Sample6CollectionViewController.swift */ = {isa = PBXFileReference; lastKnownFileType = sourcecode.swift; path = Sample6CollectionViewController.swift; sourceTree = "<group>"; };
		B6690388248BBAB2005305BD /* SampleCollectionView.app */ = {isa = PBXFileReference; explicitFileType = wrapper.application; includeInIndex = 0; path = SampleCollectionView.app; sourceTree = BUILT_PRODUCTS_DIR; };
		B669038B248BBAB2005305BD /* AppDelegate.swift */ = {isa = PBXFileReference; lastKnownFileType = sourcecode.swift; path = AppDelegate.swift; sourceTree = "<group>"; };
		B669038F248BBAB2005305BD /* ViewController.swift */ = {isa = PBXFileReference; lastKnownFileType = sourcecode.swift; path = ViewController.swift; sourceTree = "<group>"; };
		B6690392248BBAB2005305BD /* Base */ = {isa = PBXFileReference; lastKnownFileType = file.storyboard; name = Base; path = Base.lproj/Main.storyboard; sourceTree = "<group>"; };
		B6690394248BBAB5005305BD /* Assets.xcassets */ = {isa = PBXFileReference; lastKnownFileType = folder.assetcatalog; path = Assets.xcassets; sourceTree = "<group>"; };
		B6690397248BBAB5005305BD /* Base */ = {isa = PBXFileReference; lastKnownFileType = file.storyboard; name = Base; path = Base.lproj/LaunchScreen.storyboard; sourceTree = "<group>"; };
		B6690399248BBAB5005305BD /* Info.plist */ = {isa = PBXFileReference; lastKnownFileType = text.plist.xml; path = Info.plist; sourceTree = "<group>"; };
		B669039E248BBAB5005305BD /* SampleCollectionViewTests.xctest */ = {isa = PBXFileReference; explicitFileType = wrapper.cfbundle; includeInIndex = 0; path = SampleCollectionViewTests.xctest; sourceTree = BUILT_PRODUCTS_DIR; };
		B66903A2248BBAB5005305BD /* SampleCollectionViewTests.swift */ = {isa = PBXFileReference; lastKnownFileType = sourcecode.swift; path = SampleCollectionViewTests.swift; sourceTree = "<group>"; };
		B66903A4248BBAB5005305BD /* Info.plist */ = {isa = PBXFileReference; lastKnownFileType = text.plist.xml; path = Info.plist; sourceTree = "<group>"; };
		B66903A9248BBAB5005305BD /* SampleCollectionViewUITests.xctest */ = {isa = PBXFileReference; explicitFileType = wrapper.cfbundle; includeInIndex = 0; path = SampleCollectionViewUITests.xctest; sourceTree = BUILT_PRODUCTS_DIR; };
		B66903AD248BBAB5005305BD /* SampleCollectionViewUITests.swift */ = {isa = PBXFileReference; lastKnownFileType = sourcecode.swift; path = SampleCollectionViewUITests.swift; sourceTree = "<group>"; };
		B66903AF248BBAB5005305BD /* Info.plist */ = {isa = PBXFileReference; lastKnownFileType = text.plist.xml; path = Info.plist; sourceTree = "<group>"; };
		B66903BC248BBAFA005305BD /* Sample1Collection.storyboard */ = {isa = PBXFileReference; lastKnownFileType = file.storyboard; path = Sample1Collection.storyboard; sourceTree = "<group>"; };
		B66903BE248BBB15005305BD /* Sample1CollectionViewController.swift */ = {isa = PBXFileReference; lastKnownFileType = sourcecode.swift; path = Sample1CollectionViewController.swift; sourceTree = "<group>"; };
		B66903C4248BBC86005305BD /* SampleModel.swift */ = {isa = PBXFileReference; lastKnownFileType = sourcecode.swift; path = SampleModel.swift; sourceTree = "<group>"; };
		B66903D5248BFDD5005305BD /* Sample2Collection.storyboard */ = {isa = PBXFileReference; lastKnownFileType = file.storyboard; path = Sample2Collection.storyboard; sourceTree = "<group>"; };
		B66903D7248BFDE2005305BD /* Sample2CollectionViewController.swift */ = {isa = PBXFileReference; lastKnownFileType = sourcecode.swift; path = Sample2CollectionViewController.swift; sourceTree = "<group>"; };
		B66903DC248CA5D4005305BD /* Sample3Collection.storyboard */ = {isa = PBXFileReference; lastKnownFileType = file.storyboard; path = Sample3Collection.storyboard; sourceTree = "<group>"; };
		B66903DE248CA5DD005305BD /* Sample3CollectionViewController.swift */ = {isa = PBXFileReference; lastKnownFileType = sourcecode.swift; path = Sample3CollectionViewController.swift; sourceTree = "<group>"; };
		B66903E1248CA767005305BD /* MyCollectionViewCell.xib */ = {isa = PBXFileReference; lastKnownFileType = file.xib; path = MyCollectionViewCell.xib; sourceTree = "<group>"; };
		B66903E3248CA813005305BD /* MyCollectionViewCell.swift */ = {isa = PBXFileReference; lastKnownFileType = sourcecode.swift; path = MyCollectionViewCell.swift; sourceTree = "<group>"; };
		B66903E6248CB9F7005305BD /* Sample4Collection.storyboard */ = {isa = PBXFileReference; lastKnownFileType = file.storyboard; path = Sample4Collection.storyboard; sourceTree = "<group>"; };
		B66903E8248CBA10005305BD /* Sample4CollectionViewController.swift */ = {isa = PBXFileReference; lastKnownFileType = sourcecode.swift; path = Sample4CollectionViewController.swift; sourceTree = "<group>"; };
		B6ECA04C24CC15F500368E41 /* UICollectionView+.swift */ = {isa = PBXFileReference; lastKnownFileType = sourcecode.swift; path = "UICollectionView+.swift"; sourceTree = "<group>"; };
		D3E6E8AFE722FCD5A277F014 /* Pods-SampleCollectionViewTests.debug.xcconfig */ = {isa = PBXFileReference; includeInIndex = 1; lastKnownFileType = text.xcconfig; name = "Pods-SampleCollectionViewTests.debug.xcconfig"; path = "Target Support Files/Pods-SampleCollectionViewTests/Pods-SampleCollectionViewTests.debug.xcconfig"; sourceTree = "<group>"; };
		EE55B4705F0D5DC361443F20 /* Pods_SampleCollectionView.framework */ = {isa = PBXFileReference; explicitFileType = wrapper.framework; includeInIndex = 0; path = Pods_SampleCollectionView.framework; sourceTree = BUILT_PRODUCTS_DIR; };
/* End PBXFileReference section */

/* Begin PBXFrameworksBuildPhase section */
		B6690385248BBAB2005305BD /* Frameworks */ = {
			isa = PBXFrameworksBuildPhase;
			buildActionMask = 2147483647;
			files = (
				0F2A2B05848D768B5D08FB7F /* Pods_SampleCollectionView.framework in Frameworks */,
			);
			runOnlyForDeploymentPostprocessing = 0;
		};
		B669039B248BBAB5005305BD /* Frameworks */ = {
			isa = PBXFrameworksBuildPhase;
			buildActionMask = 2147483647;
			files = (
				F8EA406658F7D6D6F38D34FF /* Pods_SampleCollectionViewTests.framework in Frameworks */,
			);
			runOnlyForDeploymentPostprocessing = 0;
		};
		B66903A6248BBAB5005305BD /* Frameworks */ = {
			isa = PBXFrameworksBuildPhase;
			buildActionMask = 2147483647;
			files = (
				0643F477BB9B43E07551D160 /* Pods_SampleCollectionView_SampleCollectionViewUITests.framework in Frameworks */,
			);
			runOnlyForDeploymentPostprocessing = 0;
		};
/* End PBXFrameworksBuildPhase section */

/* Begin PBXGroup section */
		246EBAB91B0365BD14A6A4DC /* Pods */ = {
			isa = PBXGroup;
			children = (
				47C9451FCB5255ACF5C706F8 /* Pods-SampleCollectionView.debug.xcconfig */,
				B26FD9921906EBEC7A20B250 /* Pods-SampleCollectionView.release.xcconfig */,
				89F72E91E6DC6F27A2CA2F04 /* Pods-SampleCollectionView-SampleCollectionViewUITests.debug.xcconfig */,
				A4F1D85A84A1ACA354C867D1 /* Pods-SampleCollectionView-SampleCollectionViewUITests.release.xcconfig */,
				D3E6E8AFE722FCD5A277F014 /* Pods-SampleCollectionViewTests.debug.xcconfig */,
				7C1F7BF32879F1BD45D38A12 /* Pods-SampleCollectionViewTests.release.xcconfig */,
			);
			path = Pods;
			sourceTree = "<group>";
		};
		6AE7DFC96D5324900A2EF66A /* Frameworks */ = {
			isa = PBXGroup;
			children = (
				EE55B4705F0D5DC361443F20 /* Pods_SampleCollectionView.framework */,
				71829541CB6A9696A5B92A38 /* Pods_SampleCollectionView_SampleCollectionViewUITests.framework */,
				20030CF01BDC5034974DDB9C /* Pods_SampleCollectionViewTests.framework */,
			);
			name = Frameworks;
			sourceTree = "<group>";
		};
		B63805DA248CC54E00CB0794 /* MyCollectionViewCell2 */ = {
			isa = PBXGroup;
			children = (
				B63805DB248CC56500CB0794 /* MyCollectionViewCell2.xib */,
				B63805DD248CC57100CB0794 /* MyCollectionViewCell2.swift */,
			);
			path = MyCollectionViewCell2;
			sourceTree = "<group>";
		};
		B63805DF248CC99C00CB0794 /* Sample5 */ = {
			isa = PBXGroup;
			children = (
				B63805E0248CC9B600CB0794 /* Sample5Collection.storyboard */,
				B63805E2248CC9C800CB0794 /* Sample5CollectionViewController.swift */,
			);
			path = Sample5;
			sourceTree = "<group>";
		};
		B63805EF248FDACF00CB0794 /* Sample6 */ = {
			isa = PBXGroup;
			children = (
				B63805F0248FDAE600CB0794 /* Sample6Collection.storyboard */,
				B63805F2248FDAF000CB0794 /* Sample6CollectionViewController.swift */,
			);
			path = Sample6;
			sourceTree = "<group>";
		};
		B669037F248BBAB2005305BD = {
			isa = PBXGroup;
			children = (
				B669038A248BBAB2005305BD /* SampleCollectionView */,
				B66903A1248BBAB5005305BD /* SampleCollectionViewTests */,
				B66903AC248BBAB5005305BD /* SampleCollectionViewUITests */,
				B6690389248BBAB2005305BD /* Products */,
				246EBAB91B0365BD14A6A4DC /* Pods */,
				6AE7DFC96D5324900A2EF66A /* Frameworks */,
			);
			sourceTree = "<group>";
		};
		B6690389248BBAB2005305BD /* Products */ = {
			isa = PBXGroup;
			children = (
				B6690388248BBAB2005305BD /* SampleCollectionView.app */,
				B669039E248BBAB5005305BD /* SampleCollectionViewTests.xctest */,
				B66903A9248BBAB5005305BD /* SampleCollectionViewUITests.xctest */,
			);
			name = Products;
			sourceTree = "<group>";
		};
		B669038A248BBAB2005305BD /* SampleCollectionView */ = {
			isa = PBXGroup;
			children = (
				B6ECA04B24CC14E400368E41 /* Extension */,
				B66903C3248BBC78005305BD /* View */,
				B66903C2248BBC6B005305BD /* ViewController */,
				B66903C1248BBC66005305BD /* Model */,
				B669038B248BBAB2005305BD /* AppDelegate.swift */,
				B669038F248BBAB2005305BD /* ViewController.swift */,
				B6690391248BBAB2005305BD /* Main.storyboard */,
				B6690394248BBAB5005305BD /* Assets.xcassets */,
				B6690396248BBAB5005305BD /* LaunchScreen.storyboard */,
				B6690399248BBAB5005305BD /* Info.plist */,
			);
			path = SampleCollectionView;
			sourceTree = "<group>";
		};
		B66903A1248BBAB5005305BD /* SampleCollectionViewTests */ = {
			isa = PBXGroup;
			children = (
				B66903A2248BBAB5005305BD /* SampleCollectionViewTests.swift */,
				B66903A4248BBAB5005305BD /* Info.plist */,
			);
			path = SampleCollectionViewTests;
			sourceTree = "<group>";
		};
		B66903AC248BBAB5005305BD /* SampleCollectionViewUITests */ = {
			isa = PBXGroup;
			children = (
				B66903AD248BBAB5005305BD /* SampleCollectionViewUITests.swift */,
				B66903AF248BBAB5005305BD /* Info.plist */,
			);
			path = SampleCollectionViewUITests;
			sourceTree = "<group>";
		};
		B66903BB248BBAEA005305BD /* Sample1 */ = {
			isa = PBXGroup;
			children = (
				B66903BC248BBAFA005305BD /* Sample1Collection.storyboard */,
				B66903BE248BBB15005305BD /* Sample1CollectionViewController.swift */,
			);
			path = Sample1;
			sourceTree = "<group>";
		};
		B66903C0248BBB9C005305BD /* Sample2 */ = {
			isa = PBXGroup;
			children = (
				B66903D5248BFDD5005305BD /* Sample2Collection.storyboard */,
				B66903D7248BFDE2005305BD /* Sample2CollectionViewController.swift */,
			);
			path = Sample2;
			sourceTree = "<group>";
		};
		B66903C1248BBC66005305BD /* Model */ = {
			isa = PBXGroup;
			children = (
				B66903C4248BBC86005305BD /* SampleModel.swift */,
			);
			path = Model;
			sourceTree = "<group>";
		};
		B66903C2248BBC6B005305BD /* ViewController */ = {
			isa = PBXGroup;
			children = (
				B63805EF248FDACF00CB0794 /* Sample6 */,
				B63805DF248CC99C00CB0794 /* Sample5 */,
				B66903E5248CB9A6005305BD /* Sample4 */,
				B66903D9248CA55B005305BD /* Sample3 */,
				B66903C0248BBB9C005305BD /* Sample2 */,
				B66903BB248BBAEA005305BD /* Sample1 */,
			);
			path = ViewController;
			sourceTree = "<group>";
		};
		B66903C3248BBC78005305BD /* View */ = {
			isa = PBXGroup;
			children = (
				B63805DA248CC54E00CB0794 /* MyCollectionViewCell2 */,
				B66903E0248CA749005305BD /* MyCollectionViewCell */,
			);
			path = View;
			sourceTree = "<group>";
		};
		B66903D9248CA55B005305BD /* Sample3 */ = {
			isa = PBXGroup;
			children = (
				B66903DC248CA5D4005305BD /* Sample3Collection.storyboard */,
				B66903DE248CA5DD005305BD /* Sample3CollectionViewController.swift */,
			);
			path = Sample3;
			sourceTree = "<group>";
		};
		B66903E0248CA749005305BD /* MyCollectionViewCell */ = {
			isa = PBXGroup;
			children = (
				B66903E1248CA767005305BD /* MyCollectionViewCell.xib */,
				B66903E3248CA813005305BD /* MyCollectionViewCell.swift */,
			);
			path = MyCollectionViewCell;
			sourceTree = "<group>";
		};
		B66903E5248CB9A6005305BD /* Sample4 */ = {
			isa = PBXGroup;
			children = (
				B66903E6248CB9F7005305BD /* Sample4Collection.storyboard */,
				B66903E8248CBA10005305BD /* Sample4CollectionViewController.swift */,
			);
			path = Sample4;
			sourceTree = "<group>";
		};
		B6ECA04B24CC14E400368E41 /* Extension */ = {
			isa = PBXGroup;
			children = (
				B6ECA04C24CC15F500368E41 /* UICollectionView+.swift */,
				B620A16F24CC99C00030501B /* UICollectionViewCell+.swift */,
			);
			path = Extension;
			sourceTree = "<group>";
		};
/* End PBXGroup section */

/* Begin PBXNativeTarget section */
		B6690387248BBAB2005305BD /* SampleCollectionView */ = {
			isa = PBXNativeTarget;
			buildConfigurationList = B66903B2248BBAB5005305BD /* Build configuration list for PBXNativeTarget "SampleCollectionView" */;
			buildPhases = (
				EDF7F3FFDA83A1344E438FB8 /* [CP] Check Pods Manifest.lock */,
				B6690384248BBAB2005305BD /* Sources */,
				B6690385248BBAB2005305BD /* Frameworks */,
				B6690386248BBAB2005305BD /* Resources */,
				8680DF13496B2F8537BB2E55 /* [CP] Embed Pods Frameworks */,
			);
			buildRules = (
			);
			dependencies = (
			);
			name = SampleCollectionView;
			productName = SampleCollectionView;
			productReference = B6690388248BBAB2005305BD /* SampleCollectionView.app */;
			productType = "com.apple.product-type.application";
		};
		B669039D248BBAB5005305BD /* SampleCollectionViewTests */ = {
			isa = PBXNativeTarget;
			buildConfigurationList = B66903B5248BBAB5005305BD /* Build configuration list for PBXNativeTarget "SampleCollectionViewTests" */;
			buildPhases = (
				4EC5DE558451384F43B39E07 /* [CP] Check Pods Manifest.lock */,
				B669039A248BBAB5005305BD /* Sources */,
				B669039B248BBAB5005305BD /* Frameworks */,
				B669039C248BBAB5005305BD /* Resources */,
			);
			buildRules = (
			);
			dependencies = (
				B66903A0248BBAB5005305BD /* PBXTargetDependency */,
			);
			name = SampleCollectionViewTests;
			productName = SampleCollectionViewTests;
			productReference = B669039E248BBAB5005305BD /* SampleCollectionViewTests.xctest */;
			productType = "com.apple.product-type.bundle.unit-test";
		};
		B66903A8248BBAB5005305BD /* SampleCollectionViewUITests */ = {
			isa = PBXNativeTarget;
			buildConfigurationList = B66903B8248BBAB5005305BD /* Build configuration list for PBXNativeTarget "SampleCollectionViewUITests" */;
			buildPhases = (
				28E8ADCD784235065DAE01D8 /* [CP] Check Pods Manifest.lock */,
				B66903A5248BBAB5005305BD /* Sources */,
				B66903A6248BBAB5005305BD /* Frameworks */,
				B66903A7248BBAB5005305BD /* Resources */,
				DC862A68C56D1E2A568CB080 /* [CP] Embed Pods Frameworks */,
			);
			buildRules = (
			);
			dependencies = (
				B66903AB248BBAB5005305BD /* PBXTargetDependency */,
			);
			name = SampleCollectionViewUITests;
			productName = SampleCollectionViewUITests;
			productReference = B66903A9248BBAB5005305BD /* SampleCollectionViewUITests.xctest */;
			productType = "com.apple.product-type.bundle.ui-testing";
		};
/* End PBXNativeTarget section */

/* Begin PBXProject section */
		B6690380248BBAB2005305BD /* Project object */ = {
			isa = PBXProject;
			attributes = {
				LastSwiftUpdateCheck = 1150;
				LastUpgradeCheck = 1150;
				ORGANIZATIONNAME = sakiyamaK;
				TargetAttributes = {
					B6690387248BBAB2005305BD = {
						CreatedOnToolsVersion = 11.5;
					};
					B669039D248BBAB5005305BD = {
						CreatedOnToolsVersion = 11.5;
						TestTargetID = B6690387248BBAB2005305BD;
					};
					B66903A8248BBAB5005305BD = {
						CreatedOnToolsVersion = 11.5;
						TestTargetID = B6690387248BBAB2005305BD;
					};
				};
			};
			buildConfigurationList = B6690383248BBAB2005305BD /* Build configuration list for PBXProject "SampleCollectionView" */;
			compatibilityVersion = "Xcode 9.3";
			developmentRegion = en;
			hasScannedForEncodings = 0;
			knownRegions = (
				en,
				Base,
			);
			mainGroup = B669037F248BBAB2005305BD;
			productRefGroup = B6690389248BBAB2005305BD /* Products */;
			projectDirPath = "";
			projectRoot = "";
			targets = (
				B6690387248BBAB2005305BD /* SampleCollectionView */,
				B669039D248BBAB5005305BD /* SampleCollectionViewTests */,
				B66903A8248BBAB5005305BD /* SampleCollectionViewUITests */,
			);
		};
/* End PBXProject section */

/* Begin PBXResourcesBuildPhase section */
		B6690386248BBAB2005305BD /* Resources */ = {
			isa = PBXResourcesBuildPhase;
			buildActionMask = 2147483647;
			files = (
				B63805E1248CC9B600CB0794 /* Sample5Collection.storyboard in Resources */,
				B63805DC248CC56500CB0794 /* MyCollectionViewCell2.xib in Resources */,
				B66903BD248BBAFA005305BD /* Sample1Collection.storyboard in Resources */,
				B6690398248BBAB5005305BD /* LaunchScreen.storyboard in Resources */,
				B66903DD248CA5D4005305BD /* Sample3Collection.storyboard in Resources */,
				B6690395248BBAB5005305BD /* Assets.xcassets in Resources */,
				B66903D6248BFDD5005305BD /* Sample2Collection.storyboard in Resources */,
				B63805F1248FDAE600CB0794 /* Sample6Collection.storyboard in Resources */,
				B66903E7248CB9F7005305BD /* Sample4Collection.storyboard in Resources */,
				B66903E2248CA767005305BD /* MyCollectionViewCell.xib in Resources */,
				B6690393248BBAB2005305BD /* Main.storyboard in Resources */,
			);
			runOnlyForDeploymentPostprocessing = 0;
		};
		B669039C248BBAB5005305BD /* Resources */ = {
			isa = PBXResourcesBuildPhase;
			buildActionMask = 2147483647;
			files = (
			);
			runOnlyForDeploymentPostprocessing = 0;
		};
		B66903A7248BBAB5005305BD /* Resources */ = {
			isa = PBXResourcesBuildPhase;
			buildActionMask = 2147483647;
			files = (
			);
			runOnlyForDeploymentPostprocessing = 0;
		};
/* End PBXResourcesBuildPhase section */

/* Begin PBXShellScriptBuildPhase section */
		28E8ADCD784235065DAE01D8 /* [CP] Check Pods Manifest.lock */ = {
			isa = PBXShellScriptBuildPhase;
			buildActionMask = 2147483647;
			files = (
			);
			inputFileListPaths = (
			);
			inputPaths = (
				"${PODS_PODFILE_DIR_PATH}/Podfile.lock",
				"${PODS_ROOT}/Manifest.lock",
			);
			name = "[CP] Check Pods Manifest.lock";
			outputFileListPaths = (
			);
			outputPaths = (
				"$(DERIVED_FILE_DIR)/Pods-SampleCollectionView-SampleCollectionViewUITests-checkManifestLockResult.txt",
			);
			runOnlyForDeploymentPostprocessing = 0;
			shellPath = /bin/sh;
			shellScript = "diff \"${PODS_PODFILE_DIR_PATH}/Podfile.lock\" \"${PODS_ROOT}/Manifest.lock\" > /dev/null\nif [ $? != 0 ] ; then\n    # print error to STDERR\n    echo \"error: The sandbox is not in sync with the Podfile.lock. Run 'pod install' or update your CocoaPods installation.\" >&2\n    exit 1\nfi\n# This output is used by Xcode 'outputs' to avoid re-running this script phase.\necho \"SUCCESS\" > \"${SCRIPT_OUTPUT_FILE_0}\"\n";
			showEnvVarsInLog = 0;
		};
		4EC5DE558451384F43B39E07 /* [CP] Check Pods Manifest.lock */ = {
			isa = PBXShellScriptBuildPhase;
			buildActionMask = 2147483647;
			files = (
			);
			inputFileListPaths = (
			);
			inputPaths = (
				"${PODS_PODFILE_DIR_PATH}/Podfile.lock",
				"${PODS_ROOT}/Manifest.lock",
			);
			name = "[CP] Check Pods Manifest.lock";
			outputFileListPaths = (
			);
			outputPaths = (
				"$(DERIVED_FILE_DIR)/Pods-SampleCollectionViewTests-checkManifestLockResult.txt",
			);
			runOnlyForDeploymentPostprocessing = 0;
			shellPath = /bin/sh;
			shellScript = "diff \"${PODS_PODFILE_DIR_PATH}/Podfile.lock\" \"${PODS_ROOT}/Manifest.lock\" > /dev/null\nif [ $? != 0 ] ; then\n    # print error to STDERR\n    echo \"error: The sandbox is not in sync with the Podfile.lock. Run 'pod install' or update your CocoaPods installation.\" >&2\n    exit 1\nfi\n# This output is used by Xcode 'outputs' to avoid re-running this script phase.\necho \"SUCCESS\" > \"${SCRIPT_OUTPUT_FILE_0}\"\n";
			showEnvVarsInLog = 0;
		};
		8680DF13496B2F8537BB2E55 /* [CP] Embed Pods Frameworks */ = {
			isa = PBXShellScriptBuildPhase;
			buildActionMask = 2147483647;
			files = (
			);
			inputFileListPaths = (
				"${PODS_ROOT}/Target Support Files/Pods-SampleCollectionView/Pods-SampleCollectionView-frameworks-${CONFIGURATION}-input-files.xcfilelist",
			);
			name = "[CP] Embed Pods Frameworks";
			outputFileListPaths = (
				"${PODS_ROOT}/Target Support Files/Pods-SampleCollectionView/Pods-SampleCollectionView-frameworks-${CONFIGURATION}-output-files.xcfilelist",
			);
			runOnlyForDeploymentPostprocessing = 0;
			shellPath = /bin/sh;
			shellScript = "\"${PODS_ROOT}/Target Support Files/Pods-SampleCollectionView/Pods-SampleCollectionView-frameworks.sh\"\n";
			showEnvVarsInLog = 0;
		};
		DC862A68C56D1E2A568CB080 /* [CP] Embed Pods Frameworks */ = {
			isa = PBXShellScriptBuildPhase;
			buildActionMask = 2147483647;
			files = (
			);
			inputFileListPaths = (
				"${PODS_ROOT}/Target Support Files/Pods-SampleCollectionView-SampleCollectionViewUITests/Pods-SampleCollectionView-SampleCollectionViewUITests-frameworks-${CONFIGURATION}-input-files.xcfilelist",
			);
			name = "[CP] Embed Pods Frameworks";
			outputFileListPaths = (
				"${PODS_ROOT}/Target Support Files/Pods-SampleCollectionView-SampleCollectionViewUITests/Pods-SampleCollectionView-SampleCollectionViewUITests-frameworks-${CONFIGURATION}-output-files.xcfilelist",
			);
			runOnlyForDeploymentPostprocessing = 0;
			shellPath = /bin/sh;
			shellScript = "\"${PODS_ROOT}/Target Support Files/Pods-SampleCollectionView-SampleCollectionViewUITests/Pods-SampleCollectionView-SampleCollectionViewUITests-frameworks.sh\"\n";
			showEnvVarsInLog = 0;
		};
		EDF7F3FFDA83A1344E438FB8 /* [CP] Check Pods Manifest.lock */ = {
			isa = PBXShellScriptBuildPhase;
			buildActionMask = 2147483647;
			files = (
			);
			inputFileListPaths = (
			);
			inputPaths = (
				"${PODS_PODFILE_DIR_PATH}/Podfile.lock",
				"${PODS_ROOT}/Manifest.lock",
			);
			name = "[CP] Check Pods Manifest.lock";
			outputFileListPaths = (
			);
			outputPaths = (
				"$(DERIVED_FILE_DIR)/Pods-SampleCollectionView-checkManifestLockResult.txt",
			);
			runOnlyForDeploymentPostprocessing = 0;
			shellPath = /bin/sh;
			shellScript = "diff \"${PODS_PODFILE_DIR_PATH}/Podfile.lock\" \"${PODS_ROOT}/Manifest.lock\" > /dev/null\nif [ $? != 0 ] ; then\n    # print error to STDERR\n    echo \"error: The sandbox is not in sync with the Podfile.lock. Run 'pod install' or update your CocoaPods installation.\" >&2\n    exit 1\nfi\n# This output is used by Xcode 'outputs' to avoid re-running this script phase.\necho \"SUCCESS\" > \"${SCRIPT_OUTPUT_FILE_0}\"\n";
			showEnvVarsInLog = 0;
		};
/* End PBXShellScriptBuildPhase section */

/* Begin PBXSourcesBuildPhase section */
		B6690384248BBAB2005305BD /* Sources */ = {
			isa = PBXSourcesBuildPhase;
			buildActionMask = 2147483647;
			files = (
				B66903DF248CA5DD005305BD /* Sample3CollectionViewController.swift in Sources */,
				B66903E9248CBA10005305BD /* Sample4CollectionViewController.swift in Sources */,
				B63805F3248FDAF000CB0794 /* Sample6CollectionViewController.swift in Sources */,
				B6690390248BBAB2005305BD /* ViewController.swift in Sources */,
				B66903E4248CA813005305BD /* MyCollectionViewCell.swift in Sources */,
				B63805E3248CC9C800CB0794 /* Sample5CollectionViewController.swift in Sources */,
				B669038C248BBAB2005305BD /* AppDelegate.swift in Sources */,
				B66903BF248BBB15005305BD /* Sample1CollectionViewController.swift in Sources */,
				B66903D8248BFDE2005305BD /* Sample2CollectionViewController.swift in Sources */,
				B620A17024CC99C00030501B /* UICollectionViewCell+.swift in Sources */,
				B66903C5248BBC86005305BD /* SampleModel.swift in Sources */,
				B6ECA04D24CC15F500368E41 /* UICollectionView+.swift in Sources */,
				B63805DE248CC57100CB0794 /* MyCollectionViewCell2.swift in Sources */,
			);
			runOnlyForDeploymentPostprocessing = 0;
		};
		B669039A248BBAB5005305BD /* Sources */ = {
			isa = PBXSourcesBuildPhase;
			buildActionMask = 2147483647;
			files = (
				B66903A3248BBAB5005305BD /* SampleCollectionViewTests.swift in Sources */,
			);
			runOnlyForDeploymentPostprocessing = 0;
		};
		B66903A5248BBAB5005305BD /* Sources */ = {
			isa = PBXSourcesBuildPhase;
			buildActionMask = 2147483647;
			files = (
				B66903AE248BBAB5005305BD /* SampleCollectionViewUITests.swift in Sources */,
			);
			runOnlyForDeploymentPostprocessing = 0;
		};
/* End PBXSourcesBuildPhase section */

/* Begin PBXTargetDependency section */
		B66903A0248BBAB5005305BD /* PBXTargetDependency */ = {
			isa = PBXTargetDependency;
			target = B6690387248BBAB2005305BD /* SampleCollectionView */;
			targetProxy = B669039F248BBAB5005305BD /* PBXContainerItemProxy */;
		};
		B66903AB248BBAB5005305BD /* PBXTargetDependency */ = {
			isa = PBXTargetDependency;
			target = B6690387248BBAB2005305BD /* SampleCollectionView */;
			targetProxy = B66903AA248BBAB5005305BD /* PBXContainerItemProxy */;
		};
/* End PBXTargetDependency section */

/* Begin PBXVariantGroup section */
		B6690391248BBAB2005305BD /* Main.storyboard */ = {
			isa = PBXVariantGroup;
			children = (
				B6690392248BBAB2005305BD /* Base */,
			);
			name = Main.storyboard;
			sourceTree = "<group>";
		};
		B6690396248BBAB5005305BD /* LaunchScreen.storyboard */ = {
			isa = PBXVariantGroup;
			children = (
				B6690397248BBAB5005305BD /* Base */,
			);
			name = LaunchScreen.storyboard;
			sourceTree = "<group>";
		};
/* End PBXVariantGroup section */

/* Begin XCBuildConfiguration section */
		B66903B0248BBAB5005305BD /* Debug */ = {
			isa = XCBuildConfiguration;
			buildSettings = {
				ALWAYS_SEARCH_USER_PATHS = NO;
				CLANG_ANALYZER_NONNULL = YES;
				CLANG_ANALYZER_NUMBER_OBJECT_CONVERSION = YES_AGGRESSIVE;
				CLANG_CXX_LANGUAGE_STANDARD = "gnu++14";
				CLANG_CXX_LIBRARY = "libc++";
				CLANG_ENABLE_MODULES = YES;
				CLANG_ENABLE_OBJC_ARC = YES;
				CLANG_ENABLE_OBJC_WEAK = YES;
				CLANG_WARN_BLOCK_CAPTURE_AUTORELEASING = YES;
				CLANG_WARN_BOOL_CONVERSION = YES;
				CLANG_WARN_COMMA = YES;
				CLANG_WARN_CONSTANT_CONVERSION = YES;
				CLANG_WARN_DEPRECATED_OBJC_IMPLEMENTATIONS = YES;
				CLANG_WARN_DIRECT_OBJC_ISA_USAGE = YES_ERROR;
				CLANG_WARN_DOCUMENTATION_COMMENTS = YES;
				CLANG_WARN_EMPTY_BODY = YES;
				CLANG_WARN_ENUM_CONVERSION = YES;
				CLANG_WARN_INFINITE_RECURSION = YES;
				CLANG_WARN_INT_CONVERSION = YES;
				CLANG_WARN_NON_LITERAL_NULL_CONVERSION = YES;
				CLANG_WARN_OBJC_IMPLICIT_RETAIN_SELF = YES;
				CLANG_WARN_OBJC_LITERAL_CONVERSION = YES;
				CLANG_WARN_OBJC_ROOT_CLASS = YES_ERROR;
				CLANG_WARN_RANGE_LOOP_ANALYSIS = YES;
				CLANG_WARN_STRICT_PROTOTYPES = YES;
				CLANG_WARN_SUSPICIOUS_MOVE = YES;
				CLANG_WARN_UNGUARDED_AVAILABILITY = YES_AGGRESSIVE;
				CLANG_WARN_UNREACHABLE_CODE = YES;
				CLANG_WARN__DUPLICATE_METHOD_MATCH = YES;
				COPY_PHASE_STRIP = NO;
				DEBUG_INFORMATION_FORMAT = dwarf;
				ENABLE_STRICT_OBJC_MSGSEND = YES;
				ENABLE_TESTABILITY = YES;
				GCC_C_LANGUAGE_STANDARD = gnu11;
				GCC_DYNAMIC_NO_PIC = NO;
				GCC_NO_COMMON_BLOCKS = YES;
				GCC_OPTIMIZATION_LEVEL = 0;
				GCC_PREPROCESSOR_DEFINITIONS = (
					"DEBUG=1",
					"$(inherited)",
				);
				GCC_WARN_64_TO_32_BIT_CONVERSION = YES;
				GCC_WARN_ABOUT_RETURN_TYPE = YES_ERROR;
				GCC_WARN_UNDECLARED_SELECTOR = YES;
				GCC_WARN_UNINITIALIZED_AUTOS = YES_AGGRESSIVE;
				GCC_WARN_UNUSED_FUNCTION = YES;
				GCC_WARN_UNUSED_VARIABLE = YES;
				IPHONEOS_DEPLOYMENT_TARGET = 13.5;
				MTL_ENABLE_DEBUG_INFO = INCLUDE_SOURCE;
				MTL_FAST_MATH = YES;
				ONLY_ACTIVE_ARCH = YES;
				SDKROOT = iphoneos;
				SWIFT_ACTIVE_COMPILATION_CONDITIONS = DEBUG;
				SWIFT_OPTIMIZATION_LEVEL = "-Onone";
			};
			name = Debug;
		};
		B66903B1248BBAB5005305BD /* Release */ = {
			isa = XCBuildConfiguration;
			buildSettings = {
				ALWAYS_SEARCH_USER_PATHS = NO;
				CLANG_ANALYZER_NONNULL = YES;
				CLANG_ANALYZER_NUMBER_OBJECT_CONVERSION = YES_AGGRESSIVE;
				CLANG_CXX_LANGUAGE_STANDARD = "gnu++14";
				CLANG_CXX_LIBRARY = "libc++";
				CLANG_ENABLE_MODULES = YES;
				CLANG_ENABLE_OBJC_ARC = YES;
				CLANG_ENABLE_OBJC_WEAK = YES;
				CLANG_WARN_BLOCK_CAPTURE_AUTORELEASING = YES;
				CLANG_WARN_BOOL_CONVERSION = YES;
				CLANG_WARN_COMMA = YES;
				CLANG_WARN_CONSTANT_CONVERSION = YES;
				CLANG_WARN_DEPRECATED_OBJC_IMPLEMENTATIONS = YES;
				CLANG_WARN_DIRECT_OBJC_ISA_USAGE = YES_ERROR;
				CLANG_WARN_DOCUMENTATION_COMMENTS = YES;
				CLANG_WARN_EMPTY_BODY = YES;
				CLANG_WARN_ENUM_CONVERSION = YES;
				CLANG_WARN_INFINITE_RECURSION = YES;
				CLANG_WARN_INT_CONVERSION = YES;
				CLANG_WARN_NON_LITERAL_NULL_CONVERSION = YES;
				CLANG_WARN_OBJC_IMPLICIT_RETAIN_SELF = YES;
				CLANG_WARN_OBJC_LITERAL_CONVERSION = YES;
				CLANG_WARN_OBJC_ROOT_CLASS = YES_ERROR;
				CLANG_WARN_RANGE_LOOP_ANALYSIS = YES;
				CLANG_WARN_STRICT_PROTOTYPES = YES;
				CLANG_WARN_SUSPICIOUS_MOVE = YES;
				CLANG_WARN_UNGUARDED_AVAILABILITY = YES_AGGRESSIVE;
				CLANG_WARN_UNREACHABLE_CODE = YES;
				CLANG_WARN__DUPLICATE_METHOD_MATCH = YES;
				COPY_PHASE_STRIP = NO;
				DEBUG_INFORMATION_FORMAT = "dwarf-with-dsym";
				ENABLE_NS_ASSERTIONS = NO;
				ENABLE_STRICT_OBJC_MSGSEND = YES;
				GCC_C_LANGUAGE_STANDARD = gnu11;
				GCC_NO_COMMON_BLOCKS = YES;
				GCC_WARN_64_TO_32_BIT_CONVERSION = YES;
				GCC_WARN_ABOUT_RETURN_TYPE = YES_ERROR;
				GCC_WARN_UNDECLARED_SELECTOR = YES;
				GCC_WARN_UNINITIALIZED_AUTOS = YES_AGGRESSIVE;
				GCC_WARN_UNUSED_FUNCTION = YES;
				GCC_WARN_UNUSED_VARIABLE = YES;
				IPHONEOS_DEPLOYMENT_TARGET = 13.5;
				MTL_ENABLE_DEBUG_INFO = NO;
				MTL_FAST_MATH = YES;
				SDKROOT = iphoneos;
				SWIFT_COMPILATION_MODE = wholemodule;
				SWIFT_OPTIMIZATION_LEVEL = "-O";
				VALIDATE_PRODUCT = YES;
			};
			name = Release;
		};
		B66903B3248BBAB5005305BD /* Debug */ = {
			isa = XCBuildConfiguration;
			baseConfigurationReference = 47C9451FCB5255ACF5C706F8 /* Pods-SampleCollectionView.debug.xcconfig */;
			buildSettings = {
				ASSETCATALOG_COMPILER_APPICON_NAME = AppIcon;
				CODE_SIGN_STYLE = Automatic;
				INFOPLIST_FILE = SampleCollectionView/Info.plist;
				LD_RUNPATH_SEARCH_PATHS = (
					"$(inherited)",
					"@executable_path/Frameworks",
				);
				PRODUCT_BUNDLE_IDENTIFIER = com.sakiyamak.SampleCollectionView;
				PRODUCT_NAME = "$(TARGET_NAME)";
				SWIFT_VERSION = 5.0;
				TARGETED_DEVICE_FAMILY = "1,2";
			};
			name = Debug;
		};
		B66903B4248BBAB5005305BD /* Release */ = {
			isa = XCBuildConfiguration;
			baseConfigurationReference = B26FD9921906EBEC7A20B250 /* Pods-SampleCollectionView.release.xcconfig */;
			buildSettings = {
				ASSETCATALOG_COMPILER_APPICON_NAME = AppIcon;
				CODE_SIGN_STYLE = Automatic;
				INFOPLIST_FILE = SampleCollectionView/Info.plist;
				LD_RUNPATH_SEARCH_PATHS = (
					"$(inherited)",
					"@executable_path/Frameworks",
				);
				PRODUCT_BUNDLE_IDENTIFIER = com.sakiyamak.SampleCollectionView;
				PRODUCT_NAME = "$(TARGET_NAME)";
				SWIFT_VERSION = 5.0;
				TARGETED_DEVICE_FAMILY = "1,2";
			};
			name = Release;
		};
		B66903B6248BBAB5005305BD /* Debug */ = {
			isa = XCBuildConfiguration;
			baseConfigurationReference = D3E6E8AFE722FCD5A277F014 /* Pods-SampleCollectionViewTests.debug.xcconfig */;
			buildSettings = {
				ALWAYS_EMBED_SWIFT_STANDARD_LIBRARIES = YES;
				BUNDLE_LOADER = "$(TEST_HOST)";
				CODE_SIGN_STYLE = Automatic;
				INFOPLIST_FILE = SampleCollectionViewTests/Info.plist;
				IPHONEOS_DEPLOYMENT_TARGET = 13.5;
				LD_RUNPATH_SEARCH_PATHS = (
					"$(inherited)",
					"@executable_path/Frameworks",
					"@loader_path/Frameworks",
				);
				PRODUCT_BUNDLE_IDENTIFIER = com.sakiyamak.SampleCollectionViewTests;
				PRODUCT_NAME = "$(TARGET_NAME)";
				SWIFT_VERSION = 5.0;
				TARGETED_DEVICE_FAMILY = "1,2";
				TEST_HOST = "$(BUILT_PRODUCTS_DIR)/SampleCollectionView.app/SampleCollectionView";
			};
			name = Debug;
		};
		B66903B7248BBAB5005305BD /* Release */ = {
			isa = XCBuildConfiguration;
			baseConfigurationReference = 7C1F7BF32879F1BD45D38A12 /* Pods-SampleCollectionViewTests.release.xcconfig */;
			buildSettings = {
				ALWAYS_EMBED_SWIFT_STANDARD_LIBRARIES = YES;
				BUNDLE_LOADER = "$(TEST_HOST)";
				CODE_SIGN_STYLE = Automatic;
				INFOPLIST_FILE = SampleCollectionViewTests/Info.plist;
				IPHONEOS_DEPLOYMENT_TARGET = 13.5;
				LD_RUNPATH_SEARCH_PATHS = (
					"$(inherited)",
					"@executable_path/Frameworks",
					"@loader_path/Frameworks",
				);
				PRODUCT_BUNDLE_IDENTIFIER = com.sakiyamak.SampleCollectionViewTests;
				PRODUCT_NAME = "$(TARGET_NAME)";
				SWIFT_VERSION = 5.0;
				TARGETED_DEVICE_FAMILY = "1,2";
				TEST_HOST = "$(BUILT_PRODUCTS_DIR)/SampleCollectionView.app/SampleCollectionView";
			};
			name = Release;
		};
		B66903B9248BBAB5005305BD /* Debug */ = {
			isa = XCBuildConfiguration;
			baseConfigurationReference = 89F72E91E6DC6F27A2CA2F04 /* Pods-SampleCollectionView-SampleCollectionViewUITests.debug.xcconfig */;
			buildSettings = {
				ALWAYS_EMBED_SWIFT_STANDARD_LIBRARIES = YES;
				CODE_SIGN_STYLE = Automatic;
				INFOPLIST_FILE = SampleCollectionViewUITests/Info.plist;
				LD_RUNPATH_SEARCH_PATHS = (
					"$(inherited)",
					"@executable_path/Frameworks",
					"@loader_path/Frameworks",
				);
				PRODUCT_BUNDLE_IDENTIFIER = com.sakiyamak.SampleCollectionViewUITests;
				PRODUCT_NAME = "$(TARGET_NAME)";
				SWIFT_VERSION = 5.0;
				TARGETED_DEVICE_FAMILY = "1,2";
				TEST_TARGET_NAME = SampleCollectionView;
			};
			name = Debug;
		};
		B66903BA248BBAB5005305BD /* Release */ = {
			isa = XCBuildConfiguration;
			baseConfigurationReference = A4F1D85A84A1ACA354C867D1 /* Pods-SampleCollectionView-SampleCollectionViewUITests.release.xcconfig */;
			buildSettings = {
				ALWAYS_EMBED_SWIFT_STANDARD_LIBRARIES = YES;
				CODE_SIGN_STYLE = Automatic;
				INFOPLIST_FILE = SampleCollectionViewUITests/Info.plist;
				LD_RUNPATH_SEARCH_PATHS = (
					"$(inherited)",
					"@executable_path/Frameworks",
					"@loader_path/Frameworks",
				);
				PRODUCT_BUNDLE_IDENTIFIER = com.sakiyamak.SampleCollectionViewUITests;
				PRODUCT_NAME = "$(TARGET_NAME)";
				SWIFT_VERSION = 5.0;
				TARGETED_DEVICE_FAMILY = "1,2";
				TEST_TARGET_NAME = SampleCollectionView;
			};
			name = Release;
		};
/* End XCBuildConfiguration section */

/* Begin XCConfigurationList section */
		B6690383248BBAB2005305BD /* Build configuration list for PBXProject "SampleCollectionView" */ = {
			isa = XCConfigurationList;
			buildConfigurations = (
				B66903B0248BBAB5005305BD /* Debug */,
				B66903B1248BBAB5005305BD /* Release */,
			);
			defaultConfigurationIsVisible = 0;
			defaultConfigurationName = Release;
		};
		B66903B2248BBAB5005305BD /* Build configuration list for PBXNativeTarget "SampleCollectionView" */ = {
			isa = XCConfigurationList;
			buildConfigurations = (
				B66903B3248BBAB5005305BD /* Debug */,
				B66903B4248BBAB5005305BD /* Release */,
			);
			defaultConfigurationIsVisible = 0;
			defaultConfigurationName = Release;
		};
		B66903B5248BBAB5005305BD /* Build configuration list for PBXNativeTarget "SampleCollectionViewTests" */ = {
			isa = XCConfigurationList;
			buildConfigurations = (
				B66903B6248BBAB5005305BD /* Debug */,
				B66903B7248BBAB5005305BD /* Release */,
			);
			defaultConfigurationIsVisible = 0;
			defaultConfigurationName = Release;
		};
		B66903B8248BBAB5005305BD /* Build configuration list for PBXNativeTarget "SampleCollectionViewUITests" */ = {
			isa = XCConfigurationList;
			buildConfigurations = (
				B66903B9248BBAB5005305BD /* Debug */,
				B66903BA248BBAB5005305BD /* Release */,
			);
			defaultConfigurationIsVisible = 0;
			defaultConfigurationName = Release;
		};
/* End XCConfigurationList section */
	};
	rootObject = B6690380248BBAB2005305BD /* Project object */;
}
